
Microsoft Visual Studio Solution File, Format Version 12.00
# Visual Studio Version 17
VisualStudioVersion = 17.8.34330.188
MinimumVisualStudioVersion = 10.0.40219.1
Project("{2150E333-8FDC-42A3-9474-1A3956D46DE8}") = "src", "src", "{98C17A5D-5400-4494-80F0-FF5757278F92}"
EndProject
Project("{9A19103F-16F7-4668-BE54-9A1E7A4F7556}") = "PetProject.Api", "src\PetProject.Presentation\PetProject.Api.csproj", "{6C4AD342-F04A-4888-8E88-90E3940DC280}"
EndProject
Project("{9A19103F-16F7-4668-BE54-9A1E7A4F7556}") = "PetProject.Domain", "src\PetProject.Domain\PetProject.Domain.csproj", "{806D3F8D-A8F4-444B-BEAA-A3C16D48C625}"
EndProject
Project("{9A19103F-16F7-4668-BE54-9A1E7A4F7556}") = "PetProject.Application", "src\PetProject.Service\PetProject.Application.csproj", "{39F5C37B-8D04-4559-B15A-F4F555F7B425}"
EndProject
Project("{9A19103F-16F7-4668-BE54-9A1E7A4F7556}") = "PetProject.Infrastructure", "src\PetProject.Infrastructure\PetProject.Infrastructure.csproj", "{F0F6C7A6-CC0C-4A0C-BFB0-592C7784D5E7}"
EndProject
Project("{9A19103F-16F7-4668-BE54-9A1E7A4F7556}") = "PetProject.Persistence", "src\PetProject.Persistence\PetProject.Persistence.csproj", "{24EB7311-1DCC-4245-8AB8-D5C381AEBCE2}"
EndProject
Project("{2150E333-8FDC-42A3-9474-1A3956D46DE8}") = "Core", "Core", "{0D687FC7-F1F2-403E-A137-A629E5BBC51B}"
EndProject
Project("{2150E333-8FDC-42A3-9474-1A3956D46DE8}") = "Infrastructure", "Infrastructure", "{8AE86C08-DCB7-47F2-8AE3-1BE10F620F9C}"
EndProject
Project("{2150E333-8FDC-42A3-9474-1A3956D46DE8}") = "Presentation", "Presentation", "{B2030595-573D-46AD-B182-35B951AA0245}"
EndProject
Global
	GlobalSection(SolutionConfigurationPlatforms) = preSolution
		Debug|Any CPU = Debug|Any CPU
		Release|Any CPU = Release|Any CPU
	EndGlobalSection
	GlobalSection(ProjectConfigurationPlatforms) = postSolution
		{6C4AD342-F04A-4888-8E88-90E3940DC280}.Debug|Any CPU.ActiveCfg = Debug|Any CPU
		{6C4AD342-F04A-4888-8E88-90E3940DC280}.Debug|Any CPU.Build.0 = Debug|Any CPU
		{6C4AD342-F04A-4888-8E88-90E3940DC280}.Release|Any CPU.ActiveCfg = Release|Any CPU
		{6C4AD342-F04A-4888-8E88-90E3940DC280}.Release|Any CPU.Build.0 = Release|Any CPU
		{806D3F8D-A8F4-444B-BEAA-A3C16D48C625}.Debug|Any CPU.ActiveCfg = Debug|Any CPU
		{806D3F8D-A8F4-444B-BEAA-A3C16D48C625}.Debug|Any CPU.Build.0 = Debug|Any CPU
		{806D3F8D-A8F4-444B-BEAA-A3C16D48C625}.Release|Any CPU.ActiveCfg = Release|Any CPU
		{806D3F8D-A8F4-444B-BEAA-A3C16D48C625}.Release|Any CPU.Build.0 = Release|Any CPU
		{39F5C37B-8D04-4559-B15A-F4F555F7B425}.Debug|Any CPU.ActiveCfg = Debug|Any CPU
		{39F5C37B-8D04-4559-B15A-F4F555F7B425}.Debug|Any CPU.Build.0 = Debug|Any CPU
		{39F5C37B-8D04-4559-B15A-F4F555F7B425}.Release|Any CPU.ActiveCfg = Release|Any CPU
		{39F5C37B-8D04-4559-B15A-F4F555F7B425}.Release|Any CPU.Build.0 = Release|Any CPU
		{F0F6C7A6-CC0C-4A0C-BFB0-592C7784D5E7}.Debug|Any CPU.ActiveCfg = Debug|Any CPU
		{F0F6C7A6-CC0C-4A0C-BFB0-592C7784D5E7}.Debug|Any CPU.Build.0 = Debug|Any CPU
		{F0F6C7A6-CC0C-4A0C-BFB0-592C7784D5E7}.Release|Any CPU.ActiveCfg = Release|Any CPU
		{F0F6C7A6-CC0C-4A0C-BFB0-592C7784D5E7}.Release|Any CPU.Build.0 = Release|Any CPU
		{24EB7311-1DCC-4245-8AB8-D5C381AEBCE2}.Debug|Any CPU.ActiveCfg = Debug|Any CPU
		{24EB7311-1DCC-4245-8AB8-D5C381AEBCE2}.Debug|Any CPU.Build.0 = Debug|Any CPU
		{24EB7311-1DCC-4245-8AB8-D5C381AEBCE2}.Release|Any CPU.ActiveCfg = Release|Any CPU
		{24EB7311-1DCC-4245-8AB8-D5C381AEBCE2}.Release|Any CPU.Build.0 = Release|Any CPU
	EndGlobalSection
	GlobalSection(SolutionProperties) = preSolution
		HideSolutionNode = FALSE
	EndGlobalSection
	GlobalSection(NestedProjects) = preSolution
		{6C4AD342-F04A-4888-8E88-90E3940DC280} = {B2030595-573D-46AD-B182-35B951AA0245}
		{806D3F8D-A8F4-444B-BEAA-A3C16D48C625} = {0D687FC7-F1F2-403E-A137-A629E5BBC51B}
		{39F5C37B-8D04-4559-B15A-F4F555F7B425} = {0D687FC7-F1F2-403E-A137-A629E5BBC51B}
		{F0F6C7A6-CC0C-4A0C-BFB0-592C7784D5E7} = {8AE86C08-DCB7-47F2-8AE3-1BE10F620F9C}
		{24EB7311-1DCC-4245-8AB8-D5C381AEBCE2} = {8AE86C08-DCB7-47F2-8AE3-1BE10F620F9C}
		{0D687FC7-F1F2-403E-A137-A629E5BBC51B} = {98C17A5D-5400-4494-80F0-FF5757278F92}
		{8AE86C08-DCB7-47F2-8AE3-1BE10F620F9C} = {98C17A5D-5400-4494-80F0-FF5757278F92}
		{B2030595-573D-46AD-B182-35B951AA0245} = {98C17A5D-5400-4494-80F0-FF5757278F92}
	EndGlobalSection
	GlobalSection(ExtensibilityGlobals) = postSolution
		SolutionGuid = {57D348E6-156D-44F5-B93B-C1ADED18DFD6}
	EndGlobalSection
EndGlobal
